// !$*UTF8*$!
{
	archiveVersion = 1;
	classes = {
	};
	objectVersion = 56;
	objects = {

/* Begin PBXBuildFile section */
		738FA1DD29169432007FC28D /* WaitingView.swift in Sources */ = {isa = PBXBuildFile; fileRef = 738FA1DC29169432007FC28D /* WaitingView.swift */; };
		73B80CFC29165D7200FBA487 /* LocationView.swift in Sources */ = {isa = PBXBuildFile; fileRef = 73B80CFB29165D7200FBA487 /* LocationView.swift */; };
		73C201AB291607290082412C /* secretsantaApp.swift in Sources */ = {isa = PBXBuildFile; fileRef = 73C201AA291607290082412C /* secretsantaApp.swift */; };
		73C201AD291607290082412C /* ContentView.swift in Sources */ = {isa = PBXBuildFile; fileRef = 73C201AC291607290082412C /* ContentView.swift */; };
		73C201AF2916072A0082412C /* Assets.xcassets in Resources */ = {isa = PBXBuildFile; fileRef = 73C201AE2916072A0082412C /* Assets.xcassets */; };
		73C201B22916072A0082412C /* Preview Assets.xcassets in Resources */ = {isa = PBXBuildFile; fileRef = 73C201B12916072A0082412C /* Preview Assets.xcassets */; };
		73C201B929162F920082412C /* InterestsView.swift in Sources */ = {isa = PBXBuildFile; fileRef = 73C201B829162F920082412C /* InterestsView.swift */; };
		78A6084829168DDA00273D65 /* RegisteredView.swift in Sources */ = {isa = PBXBuildFile; fileRef = 78A6084729168DDA00273D65 /* RegisteredView.swift */; };
		78C10BF82916970A0055AC12 /* TakePictureView.swift in Sources */ = {isa = PBXBuildFile; fileRef = 78C10BF72916970A0055AC12 /* TakePictureView.swift */; };
		C9B5E4C82916536500F622B2 /* WrappingHStack in Frameworks */ = {isa = PBXBuildFile; productRef = C9B5E4C72916536500F622B2 /* WrappingHStack */; };
		C9B5E4CD291653E000F622B2 /* WelcomeView.swift in Sources */ = {isa = PBXBuildFile; fileRef = C9B5E4CC291653E000F622B2 /* WelcomeView.swift */; };
		C9B5E4D0291655C900F622B2 /* ChipsHolderView.swift in Sources */ = {isa = PBXBuildFile; fileRef = C9B5E4CF291655C900F622B2 /* ChipsHolderView.swift */; };
		C9B5E4D2291655E800F622B2 /* ChipModel.swift in Sources */ = {isa = PBXBuildFile; fileRef = C9B5E4D1291655E800F622B2 /* ChipModel.swift */; };
		C9B5E4D42916562D00F622B2 /* ChipView.swift in Sources */ = {isa = PBXBuildFile; fileRef = C9B5E4D32916562D00F622B2 /* ChipView.swift */; };
		C9B5E4D6291689EA00F622B2 /* MainView.swift in Sources */ = {isa = PBXBuildFile; fileRef = C9B5E4D5291689EA00F622B2 /* MainView.swift */; };
		C9B5E4D929168AA200F622B2 /* StatusCard.swift in Sources */ = {isa = PBXBuildFile; fileRef = C9B5E4D829168AA200F622B2 /* StatusCard.swift */; };
/* End PBXBuildFile section */

/* Begin PBXFileReference section */
		738FA1DC29169432007FC28D /* WaitingView.swift */ = {isa = PBXFileReference; lastKnownFileType = sourcecode.swift; path = WaitingView.swift; sourceTree = "<group>"; };
		73B80CFB29165D7200FBA487 /* LocationView.swift */ = {isa = PBXFileReference; lastKnownFileType = sourcecode.swift; path = LocationView.swift; sourceTree = "<group>"; };
		73C201A7291607290082412C /* secretsanta.app */ = {isa = PBXFileReference; explicitFileType = wrapper.application; includeInIndex = 0; path = secretsanta.app; sourceTree = BUILT_PRODUCTS_DIR; };
		73C201AA291607290082412C /* secretsantaApp.swift */ = {isa = PBXFileReference; lastKnownFileType = sourcecode.swift; path = secretsantaApp.swift; sourceTree = "<group>"; };
		73C201AC291607290082412C /* ContentView.swift */ = {isa = PBXFileReference; lastKnownFileType = sourcecode.swift; path = ContentView.swift; sourceTree = "<group>"; };
		73C201AE2916072A0082412C /* Assets.xcassets */ = {isa = PBXFileReference; lastKnownFileType = folder.assetcatalog; path = Assets.xcassets; sourceTree = "<group>"; };
		73C201B12916072A0082412C /* Preview Assets.xcassets */ = {isa = PBXFileReference; lastKnownFileType = folder.assetcatalog; path = "Preview Assets.xcassets"; sourceTree = "<group>"; };
		73C201B829162F920082412C /* InterestsView.swift */ = {isa = PBXFileReference; lastKnownFileType = sourcecode.swift; path = InterestsView.swift; sourceTree = "<group>"; };
		78A6084729168DDA00273D65 /* RegisteredView.swift */ = {isa = PBXFileReference; lastKnownFileType = sourcecode.swift; path = RegisteredView.swift; sourceTree = "<group>"; };
		78C10BF72916970A0055AC12 /* TakePictureView.swift */ = {isa = PBXFileReference; lastKnownFileType = sourcecode.swift; path = TakePictureView.swift; sourceTree = "<group>"; };
		C9B5E4CC291653E000F622B2 /* WelcomeView.swift */ = {isa = PBXFileReference; lastKnownFileType = sourcecode.swift; path = WelcomeView.swift; sourceTree = "<group>"; };
		C9B5E4CF291655C900F622B2 /* ChipsHolderView.swift */ = {isa = PBXFileReference; lastKnownFileType = sourcecode.swift; path = ChipsHolderView.swift; sourceTree = "<group>"; };
		C9B5E4D1291655E800F622B2 /* ChipModel.swift */ = {isa = PBXFileReference; lastKnownFileType = sourcecode.swift; path = ChipModel.swift; sourceTree = "<group>"; };
		C9B5E4D32916562D00F622B2 /* ChipView.swift */ = {isa = PBXFileReference; lastKnownFileType = sourcecode.swift; path = ChipView.swift; sourceTree = "<group>"; };
		C9B5E4D5291689EA00F622B2 /* MainView.swift */ = {isa = PBXFileReference; lastKnownFileType = sourcecode.swift; path = MainView.swift; sourceTree = "<group>"; };
		C9B5E4D829168AA200F622B2 /* StatusCard.swift */ = {isa = PBXFileReference; lastKnownFileType = sourcecode.swift; path = StatusCard.swift; sourceTree = "<group>"; };
/* End PBXFileReference section */

/* Begin PBXFrameworksBuildPhase section */
		73C201A4291607290082412C /* Frameworks */ = {
			isa = PBXFrameworksBuildPhase;
			buildActionMask = 2147483647;
			files = (
				C9B5E4C82916536500F622B2 /* WrappingHStack in Frameworks */,
			);
			runOnlyForDeploymentPostprocessing = 0;
		};
/* End PBXFrameworksBuildPhase section */

/* Begin PBXGroup section */
		73C2019E291607290082412C = {
			isa = PBXGroup;
			children = (
				73C201A9291607290082412C /* secretsanta */,
				73C201A8291607290082412C /* Products */,
			);
			sourceTree = "<group>";
		};
		73C201A8291607290082412C /* Products */ = {
			isa = PBXGroup;
			children = (
				73C201A7291607290082412C /* secretsanta.app */,
			);
			name = Products;
			sourceTree = "<group>";
		};
		73C201A9291607290082412C /* secretsanta */ = {
			isa = PBXGroup;
			children = (
				C9B5E4CB291653CF00F622B2 /* Ui */,
				73C201AA291607290082412C /* secretsantaApp.swift */,
				78A6084729168DDA00273D65 /* RegisteredView.swift */,
				738FA1DC29169432007FC28D /* WaitingView.swift */,
				73C201AC291607290082412C /* ContentView.swift */,
				73C201AE2916072A0082412C /* Assets.xcassets */,
				73C201B02916072A0082412C /* Preview Content */,
			);
			path = secretsanta;
			sourceTree = "<group>";
		};
		73C201B02916072A0082412C /* Preview Content */ = {
			isa = PBXGroup;
			children = (
				73C201B12916072A0082412C /* Preview Assets.xcassets */,
			);
			path = "Preview Content";
			sourceTree = "<group>";
		};
		C9B5E4CB291653CF00F622B2 /* Ui */ = {
			isa = PBXGroup;
			children = (
				C9B5E4D729168A2D00F622B2 /* Components */,
				C9B5E4CE291655B700F622B2 /* Chips */,
				73C201B829162F920082412C /* InterestsView.swift */,
				73B80CFB29165D7200FBA487 /* LocationView.swift */,
				C9B5E4CC291653E000F622B2 /* WelcomeView.swift */,
				C9B5E4D5291689EA00F622B2 /* MainView.swift */,
				78C10BF72916970A0055AC12 /* TakePictureView.swift */,
			);
			path = Ui;
			sourceTree = "<group>";
		};
		C9B5E4CE291655B700F622B2 /* Chips */ = {
			isa = PBXGroup;
			children = (
				C9B5E4CF291655C900F622B2 /* ChipsHolderView.swift */,
				C9B5E4D1291655E800F622B2 /* ChipModel.swift */,
				C9B5E4D32916562D00F622B2 /* ChipView.swift */,
			);
			path = Chips;
			sourceTree = "<group>";
		};
		C9B5E4D729168A2D00F622B2 /* Components */ = {
			isa = PBXGroup;
			children = (
				C9B5E4D829168AA200F622B2 /* StatusCard.swift */,
			);
			path = Components;
			sourceTree = "<group>";
		};
/* End PBXGroup section */

/* Begin PBXNativeTarget section */
		73C201A6291607290082412C /* secretsanta */ = {
			isa = PBXNativeTarget;
			buildConfigurationList = 73C201B52916072B0082412C /* Build configuration list for PBXNativeTarget "secretsanta" */;
			buildPhases = (
				73C201A3291607290082412C /* Sources */,
				73C201A4291607290082412C /* Frameworks */,
				73C201A5291607290082412C /* Resources */,
			);
			buildRules = (
			);
			dependencies = (
			);
			name = secretsanta;
			packageProductDependencies = (
				C9B5E4C72916536500F622B2 /* WrappingHStack */,
			);
			productName = secretsanta;
			productReference = 73C201A7291607290082412C /* secretsanta.app */;
			productType = "com.apple.product-type.application";
		};
/* End PBXNativeTarget section */

/* Begin PBXProject section */
		73C2019F291607290082412C /* Project object */ = {
			isa = PBXProject;
			attributes = {
				BuildIndependentTargetsInParallel = 1;
				LastSwiftUpdateCheck = 1410;
				LastUpgradeCheck = 1410;
				TargetAttributes = {
					73C201A6291607290082412C = {
						CreatedOnToolsVersion = 14.1;
					};
				};
			};
			buildConfigurationList = 73C201A2291607290082412C /* Build configuration list for PBXProject "secretsanta" */;
			compatibilityVersion = "Xcode 14.0";
			developmentRegion = en;
			hasScannedForEncodings = 0;
			knownRegions = (
				en,
				Base,
			);
			mainGroup = 73C2019E291607290082412C;
			packageReferences = (
				C9B5E4C62916536500F622B2 /* XCRemoteSwiftPackageReference "WrappingHStack" */,
			);
			productRefGroup = 73C201A8291607290082412C /* Products */;
			projectDirPath = "";
			projectRoot = "";
			targets = (
				73C201A6291607290082412C /* secretsanta */,
			);
		};
/* End PBXProject section */

/* Begin PBXResourcesBuildPhase section */
		73C201A5291607290082412C /* Resources */ = {
			isa = PBXResourcesBuildPhase;
			buildActionMask = 2147483647;
			files = (
				73C201B22916072A0082412C /* Preview Assets.xcassets in Resources */,
				73C201AF2916072A0082412C /* Assets.xcassets in Resources */,
			);
			runOnlyForDeploymentPostprocessing = 0;
		};
/* End PBXResourcesBuildPhase section */

/* Begin PBXSourcesBuildPhase section */
		73C201A3291607290082412C /* Sources */ = {
			isa = PBXSourcesBuildPhase;
			buildActionMask = 2147483647;
			files = (
				C9B5E4D42916562D00F622B2 /* ChipView.swift in Sources */,
				C9B5E4D6291689EA00F622B2 /* MainView.swift in Sources */,
				738FA1DD29169432007FC28D /* WaitingView.swift in Sources */,
				C9B5E4D0291655C900F622B2 /* ChipsHolderView.swift in Sources */,
				C9B5E4CD291653E000F622B2 /* WelcomeView.swift in Sources */,
				73C201AD291607290082412C /* ContentView.swift in Sources */,
				78C10BF82916970A0055AC12 /* TakePictureView.swift in Sources */,
				C9B5E4D929168AA200F622B2 /* StatusCard.swift in Sources */,
				73B80CFC29165D7200FBA487 /* LocationView.swift in Sources */,
				73C201B929162F920082412C /* InterestsView.swift in Sources */,
				78A6084829168DDA00273D65 /* RegisteredView.swift in Sources */,
				73C201AB291607290082412C /* secretsantaApp.swift in Sources */,
				C9B5E4D2291655E800F622B2 /* ChipModel.swift in Sources */,
			);
			runOnlyForDeploymentPostprocessing = 0;
		};
/* End PBXSourcesBuildPhase section */

/* Begin XCBuildConfiguration section */
		73C201B32916072A0082412C /* Debug */ = {
			isa = XCBuildConfiguration;
			buildSettings = {
				ALWAYS_SEARCH_USER_PATHS = NO;
				CLANG_ANALYZER_NONNULL = YES;
				CLANG_ANALYZER_NUMBER_OBJECT_CONVERSION = YES_AGGRESSIVE;
				CLANG_CXX_LANGUAGE_STANDARD = "gnu++20";
				CLANG_ENABLE_MODULES = YES;
				CLANG_ENABLE_OBJC_ARC = YES;
				CLANG_ENABLE_OBJC_WEAK = YES;
				CLANG_WARN_BLOCK_CAPTURE_AUTORELEASING = YES;
				CLANG_WARN_BOOL_CONVERSION = YES;
				CLANG_WARN_COMMA = YES;
				CLANG_WARN_CONSTANT_CONVERSION = YES;
				CLANG_WARN_DEPRECATED_OBJC_IMPLEMENTATIONS = YES;
				CLANG_WARN_DIRECT_OBJC_ISA_USAGE = YES_ERROR;
				CLANG_WARN_DOCUMENTATION_COMMENTS = YES;
				CLANG_WARN_EMPTY_BODY = YES;
				CLANG_WARN_ENUM_CONVERSION = YES;
				CLANG_WARN_INFINITE_RECURSION = YES;
				CLANG_WARN_INT_CONVERSION = YES;
				CLANG_WARN_NON_LITERAL_NULL_CONVERSION = YES;
				CLANG_WARN_OBJC_IMPLICIT_RETAIN_SELF = YES;
				CLANG_WARN_OBJC_LITERAL_CONVERSION = YES;
				CLANG_WARN_OBJC_ROOT_CLASS = YES_ERROR;
				CLANG_WARN_QUOTED_INCLUDE_IN_FRAMEWORK_HEADER = YES;
				CLANG_WARN_RANGE_LOOP_ANALYSIS = YES;
				CLANG_WARN_STRICT_PROTOTYPES = YES;
				CLANG_WARN_SUSPICIOUS_MOVE = YES;
				CLANG_WARN_UNGUARDED_AVAILABILITY = YES_AGGRESSIVE;
				CLANG_WARN_UNREACHABLE_CODE = YES;
				CLANG_WARN__DUPLICATE_METHOD_MATCH = YES;
				COPY_PHASE_STRIP = NO;
				DEBUG_INFORMATION_FORMAT = dwarf;
				ENABLE_STRICT_OBJC_MSGSEND = YES;
				ENABLE_TESTABILITY = YES;
				GCC_C_LANGUAGE_STANDARD = gnu11;
				GCC_DYNAMIC_NO_PIC = NO;
				GCC_NO_COMMON_BLOCKS = YES;
				GCC_OPTIMIZATION_LEVEL = 0;
				GCC_PREPROCESSOR_DEFINITIONS = (
					"DEBUG=1",
					"$(inherited)",
				);
				GCC_WARN_64_TO_32_BIT_CONVERSION = YES;
				GCC_WARN_ABOUT_RETURN_TYPE = YES_ERROR;
				GCC_WARN_UNDECLARED_SELECTOR = YES;
				GCC_WARN_UNINITIALIZED_AUTOS = YES_AGGRESSIVE;
				GCC_WARN_UNUSED_FUNCTION = YES;
				GCC_WARN_UNUSED_VARIABLE = YES;
				IPHONEOS_DEPLOYMENT_TARGET = 16.1;
				MTL_ENABLE_DEBUG_INFO = INCLUDE_SOURCE;
				MTL_FAST_MATH = YES;
				ONLY_ACTIVE_ARCH = YES;
				SDKROOT = iphoneos;
				SWIFT_ACTIVE_COMPILATION_CONDITIONS = DEBUG;
				SWIFT_OPTIMIZATION_LEVEL = "-Onone";
			};
			name = Debug;
		};
		73C201B42916072A0082412C /* Release */ = {
			isa = XCBuildConfiguration;
			buildSettings = {
				ALWAYS_SEARCH_USER_PATHS = NO;
				CLANG_ANALYZER_NONNULL = YES;
				CLANG_ANALYZER_NUMBER_OBJECT_CONVERSION = YES_AGGRESSIVE;
				CLANG_CXX_LANGUAGE_STANDARD = "gnu++20";
				CLANG_ENABLE_MODULES = YES;
				CLANG_ENABLE_OBJC_ARC = YES;
				CLANG_ENABLE_OBJC_WEAK = YES;
				CLANG_WARN_BLOCK_CAPTURE_AUTORELEASING = YES;
				CLANG_WARN_BOOL_CONVERSION = YES;
				CLANG_WARN_COMMA = YES;
				CLANG_WARN_CONSTANT_CONVERSION = YES;
				CLANG_WARN_DEPRECATED_OBJC_IMPLEMENTATIONS = YES;
				CLANG_WARN_DIRECT_OBJC_ISA_USAGE = YES_ERROR;
				CLANG_WARN_DOCUMENTATION_COMMENTS = YES;
				CLANG_WARN_EMPTY_BODY = YES;
				CLANG_WARN_ENUM_CONVERSION = YES;
				CLANG_WARN_INFINITE_RECURSION = YES;
				CLANG_WARN_INT_CONVERSION = YES;
				CLANG_WARN_NON_LITERAL_NULL_CONVERSION = YES;
				CLANG_WARN_OBJC_IMPLICIT_RETAIN_SELF = YES;
				CLANG_WARN_OBJC_LITERAL_CONVERSION = YES;
				CLANG_WARN_OBJC_ROOT_CLASS = YES_ERROR;
				CLANG_WARN_QUOTED_INCLUDE_IN_FRAMEWORK_HEADER = YES;
				CLANG_WARN_RANGE_LOOP_ANALYSIS = YES;
				CLANG_WARN_STRICT_PROTOTYPES = YES;
				CLANG_WARN_SUSPICIOUS_MOVE = YES;
				CLANG_WARN_UNGUARDED_AVAILABILITY = YES_AGGRESSIVE;
				CLANG_WARN_UNREACHABLE_CODE = YES;
				CLANG_WARN__DUPLICATE_METHOD_MATCH = YES;
				COPY_PHASE_STRIP = NO;
				DEBUG_INFORMATION_FORMAT = "dwarf-with-dsym";
				ENABLE_NS_ASSERTIONS = NO;
				ENABLE_STRICT_OBJC_MSGSEND = YES;
				GCC_C_LANGUAGE_STANDARD = gnu11;
				GCC_NO_COMMON_BLOCKS = YES;
				GCC_WARN_64_TO_32_BIT_CONVERSION = YES;
				GCC_WARN_ABOUT_RETURN_TYPE = YES_ERROR;
				GCC_WARN_UNDECLARED_SELECTOR = YES;
				GCC_WARN_UNINITIALIZED_AUTOS = YES_AGGRESSIVE;
				GCC_WARN_UNUSED_FUNCTION = YES;
				GCC_WARN_UNUSED_VARIABLE = YES;
				IPHONEOS_DEPLOYMENT_TARGET = 16.1;
				MTL_ENABLE_DEBUG_INFO = NO;
				MTL_FAST_MATH = YES;
				SDKROOT = iphoneos;
				SWIFT_COMPILATION_MODE = wholemodule;
				SWIFT_OPTIMIZATION_LEVEL = "-O";
				VALIDATE_PRODUCT = YES;
			};
			name = Release;
		};
		73C201B62916072B0082412C /* Debug */ = {
			isa = XCBuildConfiguration;
			buildSettings = {
				ASSETCATALOG_COMPILER_APPICON_NAME = AppIcon;
				ASSETCATALOG_COMPILER_GLOBAL_ACCENT_COLOR_NAME = AccentColor;
				CODE_SIGN_STYLE = Automatic;
				CURRENT_PROJECT_VERSION = 1;
				DEVELOPMENT_ASSET_PATHS = "\"secretsanta/Preview Content\"";
				DEVELOPMENT_TEAM = H526985HLV;
				ENABLE_PREVIEWS = YES;
				GENERATE_INFOPLIST_FILE = YES;
				INFOPLIST_KEY_UIApplicationSceneManifest_Generation = YES;
				INFOPLIST_KEY_UIApplicationSupportsIndirectInputEvents = YES;
				INFOPLIST_KEY_UILaunchScreen_Generation = YES;
				INFOPLIST_KEY_UISupportedInterfaceOrientations_iPad = "UIInterfaceOrientationPortrait UIInterfaceOrientationPortraitUpsideDown UIInterfaceOrientationLandscapeLeft UIInterfaceOrientationLandscapeRight";
				INFOPLIST_KEY_UISupportedInterfaceOrientations_iPhone = "UIInterfaceOrientationPortrait UIInterfaceOrientationLandscapeLeft UIInterfaceOrientationLandscapeRight";
				IPHONEOS_DEPLOYMENT_TARGET = 16.0;
				LD_RUNPATH_SEARCH_PATHS = (
					"$(inherited)",
					"@executable_path/Frameworks",
				);
				MARKETING_VERSION = 1.0;
				PRODUCT_BUNDLE_IDENTIFIER = fi.testatusserveri.secretsanta;
				PRODUCT_NAME = "$(TARGET_NAME)";
				SWIFT_EMIT_LOC_STRINGS = YES;
				SWIFT_VERSION = 5.0;
				TARGETED_DEVICE_FAMILY = "1,2";
			};
			name = Debug;
		};
		73C201B72916072B0082412C /* Release */ = {
			isa = XCBuildConfiguration;
			buildSettings = {
				ASSETCATALOG_COMPILER_APPICON_NAME = AppIcon;
				ASSETCATALOG_COMPILER_GLOBAL_ACCENT_COLOR_NAME = AccentColor;
				CODE_SIGN_STYLE = Automatic;
				CURRENT_PROJECT_VERSION = 1;
				DEVELOPMENT_ASSET_PATHS = "\"secretsanta/Preview Content\"";
				DEVELOPMENT_TEAM = R7R98T4924;
				ENABLE_PREVIEWS = YES;
				GENERATE_INFOPLIST_FILE = YES;
				INFOPLIST_KEY_UIApplicationSceneManifest_Generation = YES;
				INFOPLIST_KEY_UIApplicationSupportsIndirectInputEvents = YES;
				INFOPLIST_KEY_UILaunchScreen_Generation = YES;
				INFOPLIST_KEY_UISupportedInterfaceOrientations_iPad = "UIInterfaceOrientationPortrait UIInterfaceOrientationPortraitUpsideDown UIInterfaceOrientationLandscapeLeft UIInterfaceOrientationLandscapeRight";
				INFOPLIST_KEY_UISupportedInterfaceOrientations_iPhone = "UIInterfaceOrientationPortrait UIInterfaceOrientationLandscapeLeft UIInterfaceOrientationLandscapeRight";
				IPHONEOS_DEPLOYMENT_TARGET = 16.0;
				LD_RUNPATH_SEARCH_PATHS = (
					"$(inherited)",
					"@executable_path/Frameworks",
				);
				MARKETING_VERSION = 1.0;
				PRODUCT_BUNDLE_IDENTIFIER = fi.testatusserveri.secretsanta;
				PRODUCT_NAME = "$(TARGET_NAME)";
				SWIFT_EMIT_LOC_STRINGS = YES;
				SWIFT_VERSION = 5.0;
				TARGETED_DEVICE_FAMILY = "1,2";
			};
			name = Release;
		};
/* End XCBuildConfiguration section */

/* Begin XCConfigurationList section */
		73C201A2291607290082412C /* Build configuration list for PBXProject "secretsanta" */ = {
			isa = XCConfigurationList;
			buildConfigurations = (
				73C201B32916072A0082412C /* Debug */,
				73C201B42916072A0082412C /* Release */,
			);
			defaultConfigurationIsVisible = 0;
			defaultConfigurationName = Release;
		};
		73C201B52916072B0082412C /* Build configuration list for PBXNativeTarget "secretsanta" */ = {
			isa = XCConfigurationList;
			buildConfigurations = (
				73C201B62916072B0082412C /* Debug */,
				73C201B72916072B0082412C /* Release */,
			);
			defaultConfigurationIsVisible = 0;
			defaultConfigurationName = Release;
		};
/* End XCConfigurationList section */

/* Begin XCRemoteSwiftPackageReference section */
		C9B5E4C62916536500F622B2 /* XCRemoteSwiftPackageReference "WrappingHStack" */ = {
			isa = XCRemoteSwiftPackageReference;
			repositoryURL = "https://github.com/dkk/WrappingHStack";
			requirement = {
				kind = upToNextMajorVersion;
				minimumVersion = 2.0.0;
			};
		};
/* End XCRemoteSwiftPackageReference section */

/* Begin XCSwiftPackageProductDependency section */
		C9B5E4C72916536500F622B2 /* WrappingHStack */ = {
			isa = XCSwiftPackageProductDependency;
			package = C9B5E4C62916536500F622B2 /* XCRemoteSwiftPackageReference "WrappingHStack" */;
			productName = WrappingHStack;
		};
/* End XCSwiftPackageProductDependency section */
	};
	rootObject = 73C2019F291607290082412C /* Project object */;
}
